
Microsoft Visual Studio Solution File, Format Version 12.00
# Visual Studio Version 17
VisualStudioVersion = 17.2.32630.192
MinimumVisualStudioVersion = 10.0.40219.1
Project("{9A19103F-16F7-4668-BE54-9A1E7A4F7556}") = "lista_de_exercicios", "ConsoleApp2\lista_de_exercicios.csproj", "{6FEE494B-8158-4E1C-A5B1-9EF741D2B4A4}"
EndProject
Global
	GlobalSection(SolutionConfigurationPlatforms) = preSolution
		Debug|Any CPU = Debug|Any CPU
		Release|Any CPU = Release|Any CPU
	EndGlobalSection
	GlobalSection(ProjectConfigurationPlatforms) = postSolution
		{6FEE494B-8158-4E1C-A5B1-9EF741D2B4A4}.Debug|Any CPU.ActiveCfg = Debug|Any CPU
		{6FEE494B-8158-4E1C-A5B1-9EF741D2B4A4}.Debug|Any CPU.Build.0 = Debug|Any CPU
		{6FEE494B-8158-4E1C-A5B1-9EF741D2B4A4}.Release|Any CPU.ActiveCfg = Release|Any CPU
		{6FEE494B-8158-4E1C-A5B1-9EF741D2B4A4}.Release|Any CPU.Build.0 = Release|Any CPU
	EndGlobalSection
	GlobalSection(SolutionProperties) = preSolution
		HideSolutionNode = FALSE
	EndGlobalSection
	GlobalSection(ExtensibilityGlobals) = postSolution
		SolutionGuid = {EC3AE5CB-7D24-4F93-A6E7-F22E0D9CBB04}
	EndGlobalSection
EndGlobal
